{
  "name": "saas-clone-factory",
  "lockfileVersion": 3,
  "requires": true,
  "packages": {
    "": {
      "name": "saas-clone-factory",
      "dependencies": {
        "@tiptap/extension-image": "^3.22.5"
      }
    },
    "node_modules/@tiptap/extension-image": {
      "version": "3.22.5",
      "resolved": "https://registry.npmjs.org/@tiptap/extension-image/-/extension-image-3.22.5.tgz",
      "integrity": "sha512-ezMzA6w6UsPesQp6fxTQojI/IkGJLmkwR/VGTimva7sudP3HdSW8k3SGBkjfvp0L2xqUrC/l4nWOchu01A/xtQ==",
      "license": "MIT",
      "funding": {
        "type": "github",
        "url": "https://github.com/sponsors/ueberdosis"
      },
      "peerDependencies": {
        "@tiptap/core": "3.22.5"
      }
    }
  }
}
